// !$*UTF8*$!
{
	archiveVersion = 1;
	classes = {
	};
	objectVersion = 56;
	objects = {

/* Begin PBXBuildFile section */
		EC87F1492A48B1640010A6E0 /* SaveLink_1App.swift in Sources */ = {isa = PBXBuildFile; fileRef = EC87F1482A48B1640010A6E0 /* SaveLink_1App.swift */; };
		EC87F14B2A48B1640010A6E0 /* ContentView.swift in Sources */ = {isa = PBXBuildFile; fileRef = EC87F14A2A48B1640010A6E0 /* ContentView.swift */; };
		EC87F14D2A48B1650010A6E0 /* Assets.xcassets in Resources */ = {isa = PBXBuildFile; fileRef = EC87F14C2A48B1650010A6E0 /* Assets.xcassets */; };
		EC87F1502A48B1650010A6E0 /* Preview Assets.xcassets in Resources */ = {isa = PBXBuildFile; fileRef = EC87F14F2A48B1650010A6E0 /* Preview Assets.xcassets */; };
		EC87F1582A48B1BC0010A6E0 /* FirebaseAnalytics in Frameworks */ = {isa = PBXBuildFile; productRef = EC87F1572A48B1BC0010A6E0 /* FirebaseAnalytics */; };
		EC87F15A2A48B1BC0010A6E0 /* FirebaseAnalyticsSwift in Frameworks */ = {isa = PBXBuildFile; productRef = EC87F1592A48B1BC0010A6E0 /* FirebaseAnalyticsSwift */; };
		EC87F15C2A48B1EA0010A6E0 /* GoogleService-Info.plist in Resources */ = {isa = PBXBuildFile; fileRef = EC87F15B2A48B1E90010A6E0 /* GoogleService-Info.plist */; };
		ECB354E12A4B9FEB00128D67 /* LoginEmailView.swift in Sources */ = {isa = PBXBuildFile; fileRef = ECB354E02A4B9FEB00128D67 /* LoginEmailView.swift */; };
		ECB354E32A4BA23200128D67 /* RegisterEmailView.swift in Sources */ = {isa = PBXBuildFile; fileRef = ECB354E22A4BA23200128D67 /* RegisterEmailView.swift */; };
		ECB354E52A4BA2AD00128D67 /* DismissView.swift in Sources */ = {isa = PBXBuildFile; fileRef = ECB354E42A4BA2AD00128D67 /* DismissView.swift */; };
		ECB354E82A4BA49E00128D67 /* FirebaseAuth in Frameworks */ = {isa = PBXBuildFile; productRef = ECB354E72A4BA49E00128D67 /* FirebaseAuth */; };
		ECB354EB2A4BD53C00128D67 /* AuthenticationFirebaseDataSource.swift in Sources */ = {isa = PBXBuildFile; fileRef = ECB354EA2A4BD53C00128D67 /* AuthenticationFirebaseDataSource.swift */; };
		ECB354ED2A4BD8C100128D67 /* AuthenticationRepository.swift in Sources */ = {isa = PBXBuildFile; fileRef = ECB354EC2A4BD8C100128D67 /* AuthenticationRepository.swift */; };
		ECB354EF2A4BD9A700128D67 /* AuthenticationViewModel.swift in Sources */ = {isa = PBXBuildFile; fileRef = ECB354EE2A4BD9A700128D67 /* AuthenticationViewModel.swift */; };
		ECB354F12A4BE1C800128D67 /* HomeView.swift in Sources */ = {isa = PBXBuildFile; fileRef = ECB354F02A4BE1C800128D67 /* HomeView.swift */; };
		ECF63BF72A551EC7005B77BF /* LIenso.swift in Sources */ = {isa = PBXBuildFile; fileRef = ECF63BF62A551EC7005B77BF /* LIenso.swift */; };
		ECF63BF92A55223E005B77BF /* FirebaseFirestore in Frameworks */ = {isa = PBXBuildFile; productRef = ECF63BF82A55223E005B77BF /* FirebaseFirestore */; };
		ECF63BFB2A55224C005B77BF /* FirebaseFirestoreSwift in Frameworks */ = {isa = PBXBuildFile; productRef = ECF63BFA2A55224C005B77BF /* FirebaseFirestoreSwift */; };
		ECF63BFE2A55228D005B77BF /* linkViewModel.swift in Sources */ = {isa = PBXBuildFile; fileRef = ECF63BFD2A55228D005B77BF /* linkViewModel.swift */; };
		ECF63C002A5522A7005B77BF /* linkRepository.swift in Sources */ = {isa = PBXBuildFile; fileRef = ECF63BFF2A5522A7005B77BF /* linkRepository.swift */; };
		ECF63C022A5522BF005B77BF /* linkDatasource.swift in Sources */ = {isa = PBXBuildFile; fileRef = ECF63C012A5522BF005B77BF /* linkDatasource.swift */; };
		ECF63C042A55F9AF005B77BF /* LinkView.swift in Sources */ = {isa = PBXBuildFile; fileRef = ECF63C032A55F9AF005B77BF /* LinkView.swift */; };
		ECF63C062A565688005B77BF /* MetadataDatasource.swift in Sources */ = {isa = PBXBuildFile; fileRef = ECF63C052A565688005B77BF /* MetadataDatasource.swift */; };
/* End PBXBuildFile section */

/* Begin PBXFileReference section */
		EC87F1452A48B1640010A6E0 /* SaveLink_1.app */ = {isa = PBXFileReference; explicitFileType = wrapper.application; includeInIndex = 0; path = SaveLink_1.app; sourceTree = BUILT_PRODUCTS_DIR; };
		EC87F1482A48B1640010A6E0 /* SaveLink_1App.swift */ = {isa = PBXFileReference; lastKnownFileType = sourcecode.swift; path = SaveLink_1App.swift; sourceTree = "<group>"; };
		EC87F14A2A48B1640010A6E0 /* ContentView.swift */ = {isa = PBXFileReference; lastKnownFileType = sourcecode.swift; path = ContentView.swift; sourceTree = "<group>"; };
		EC87F14C2A48B1650010A6E0 /* Assets.xcassets */ = {isa = PBXFileReference; lastKnownFileType = folder.assetcatalog; path = Assets.xcassets; sourceTree = "<group>"; };
		EC87F14F2A48B1650010A6E0 /* Preview Assets.xcassets */ = {isa = PBXFileReference; lastKnownFileType = folder.assetcatalog; path = "Preview Assets.xcassets"; sourceTree = "<group>"; };
		EC87F15B2A48B1E90010A6E0 /* GoogleService-Info.plist */ = {isa = PBXFileReference; fileEncoding = 4; lastKnownFileType = text.plist.xml; path = "GoogleService-Info.plist"; sourceTree = "<group>"; };
		ECB354E02A4B9FEB00128D67 /* LoginEmailView.swift */ = {isa = PBXFileReference; lastKnownFileType = sourcecode.swift; path = LoginEmailView.swift; sourceTree = "<group>"; };
		ECB354E22A4BA23200128D67 /* RegisterEmailView.swift */ = {isa = PBXFileReference; lastKnownFileType = sourcecode.swift; path = RegisterEmailView.swift; sourceTree = "<group>"; };
		ECB354E42A4BA2AD00128D67 /* DismissView.swift */ = {isa = PBXFileReference; lastKnownFileType = sourcecode.swift; path = DismissView.swift; sourceTree = "<group>"; };
		ECB354EA2A4BD53C00128D67 /* AuthenticationFirebaseDataSource.swift */ = {isa = PBXFileReference; lastKnownFileType = sourcecode.swift; path = AuthenticationFirebaseDataSource.swift; sourceTree = "<group>"; };
		ECB354EC2A4BD8C100128D67 /* AuthenticationRepository.swift */ = {isa = PBXFileReference; lastKnownFileType = sourcecode.swift; path = AuthenticationRepository.swift; sourceTree = "<group>"; };
		ECB354EE2A4BD9A700128D67 /* AuthenticationViewModel.swift */ = {isa = PBXFileReference; lastKnownFileType = sourcecode.swift; path = AuthenticationViewModel.swift; sourceTree = "<group>"; };
		ECB354F02A4BE1C800128D67 /* HomeView.swift */ = {isa = PBXFileReference; lastKnownFileType = sourcecode.swift; path = HomeView.swift; sourceTree = "<group>"; };
		ECF63BF62A551EC7005B77BF /* LIenso.swift */ = {isa = PBXFileReference; lastKnownFileType = sourcecode.swift; path = LIenso.swift; sourceTree = "<group>"; };
		ECF63BFD2A55228D005B77BF /* linkViewModel.swift */ = {isa = PBXFileReference; lastKnownFileType = sourcecode.swift; path = linkViewModel.swift; sourceTree = "<group>"; };
		ECF63BFF2A5522A7005B77BF /* linkRepository.swift */ = {isa = PBXFileReference; lastKnownFileType = sourcecode.swift; path = linkRepository.swift; sourceTree = "<group>"; };
		ECF63C012A5522BF005B77BF /* linkDatasource.swift */ = {isa = PBXFileReference; lastKnownFileType = sourcecode.swift; path = linkDatasource.swift; sourceTree = "<group>"; };
		ECF63C032A55F9AF005B77BF /* LinkView.swift */ = {isa = PBXFileReference; lastKnownFileType = sourcecode.swift; path = LinkView.swift; sourceTree = "<group>"; };
		ECF63C052A565688005B77BF /* MetadataDatasource.swift */ = {isa = PBXFileReference; lastKnownFileType = sourcecode.swift; path = MetadataDatasource.swift; sourceTree = "<group>"; };
/* End PBXFileReference section */

/* Begin PBXFrameworksBuildPhase section */
		EC87F1422A48B1640010A6E0 /* Frameworks */ = {
			isa = PBXFrameworksBuildPhase;
			buildActionMask = 2147483647;
			files = (
				ECF63BFB2A55224C005B77BF /* FirebaseFirestoreSwift in Frameworks */,
				EC87F15A2A48B1BC0010A6E0 /* FirebaseAnalyticsSwift in Frameworks */,
				ECF63BF92A55223E005B77BF /* FirebaseFirestore in Frameworks */,
				ECB354E82A4BA49E00128D67 /* FirebaseAuth in Frameworks */,
				EC87F1582A48B1BC0010A6E0 /* FirebaseAnalytics in Frameworks */,
			);
			runOnlyForDeploymentPostprocessing = 0;
		};
/* End PBXFrameworksBuildPhase section */

/* Begin PBXGroup section */
		EC87F13C2A48B1640010A6E0 = {
			isa = PBXGroup;
			children = (
				EC87F1472A48B1640010A6E0 /* SaveLink_1 */,
				EC87F1462A48B1640010A6E0 /* Products */,
				ECB354E62A4BA49E00128D67 /* Frameworks */,
			);
			sourceTree = "<group>";
		};
		EC87F1462A48B1640010A6E0 /* Products */ = {
			isa = PBXGroup;
			children = (
				EC87F1452A48B1640010A6E0 /* SaveLink_1.app */,
			);
			name = Products;
			sourceTree = "<group>";
		};
		EC87F1472A48B1640010A6E0 /* SaveLink_1 */ = {
			isa = PBXGroup;
			children = (
				EC87F1482A48B1640010A6E0 /* SaveLink_1App.swift */,
				EC87F14A2A48B1640010A6E0 /* ContentView.swift */,
				ECF63BF62A551EC7005B77BF /* LIenso.swift */,
				ECB354E42A4BA2AD00128D67 /* DismissView.swift */,
				ECB354F02A4BE1C800128D67 /* HomeView.swift */,
				ECF63C052A565688005B77BF /* MetadataDatasource.swift */,
				ECF63BFC2A552260005B77BF /* links */,
				ECF63BF52A551BD0005B77BF /* login */,
				ECB354E92A4BD4BE00128D67 /* Autenticaciones */,
				EC87F15B2A48B1E90010A6E0 /* GoogleService-Info.plist */,
				EC87F14C2A48B1650010A6E0 /* Assets.xcassets */,
				EC87F14E2A48B1650010A6E0 /* Preview Content */,
			);
			path = SaveLink_1;
			sourceTree = "<group>";
		};
		EC87F14E2A48B1650010A6E0 /* Preview Content */ = {
			isa = PBXGroup;
			children = (
				EC87F14F2A48B1650010A6E0 /* Preview Assets.xcassets */,
			);
			path = "Preview Content";
			sourceTree = "<group>";
		};
		ECB354E62A4BA49E00128D67 /* Frameworks */ = {
			isa = PBXGroup;
			children = (
			);
			name = Frameworks;
			sourceTree = "<group>";
		};
		ECB354E92A4BD4BE00128D67 /* Autenticaciones */ = {
			isa = PBXGroup;
			children = (
				ECB354EA2A4BD53C00128D67 /* AuthenticationFirebaseDataSource.swift */,
				ECB354EC2A4BD8C100128D67 /* AuthenticationRepository.swift */,
				ECB354EE2A4BD9A700128D67 /* AuthenticationViewModel.swift */,
			);
			path = Autenticaciones;
			sourceTree = "<group>";
		};
		ECF63BF52A551BD0005B77BF /* login */ = {
			isa = PBXGroup;
			children = (
				ECB354E22A4BA23200128D67 /* RegisterEmailView.swift */,
				ECB354E02A4B9FEB00128D67 /* LoginEmailView.swift */,
			);
			path = login;
			sourceTree = "<group>";
		};
		ECF63BFC2A552260005B77BF /* links */ = {
			isa = PBXGroup;
			children = (
				ECF63C012A5522BF005B77BF /* linkDatasource.swift */,
				ECF63BFF2A5522A7005B77BF /* linkRepository.swift */,
				ECF63BFD2A55228D005B77BF /* linkViewModel.swift */,
				ECF63C032A55F9AF005B77BF /* LinkView.swift */,
			);
			path = links;
			sourceTree = "<group>";
		};
/* End PBXGroup section */

/* Begin PBXNativeTarget section */
		EC87F1442A48B1640010A6E0 /* SaveLink_1 */ = {
			isa = PBXNativeTarget;
			buildConfigurationList = EC87F1532A48B1650010A6E0 /* Build configuration list for PBXNativeTarget "SaveLink_1" */;
			buildPhases = (
				EC87F1412A48B1640010A6E0 /* Sources */,
				EC87F1422A48B1640010A6E0 /* Frameworks */,
				EC87F1432A48B1640010A6E0 /* Resources */,
			);
			buildRules = (
			);
			dependencies = (
			);
			name = SaveLink_1;
			packageProductDependencies = (
				EC87F1572A48B1BC0010A6E0 /* FirebaseAnalytics */,
				EC87F1592A48B1BC0010A6E0 /* FirebaseAnalyticsSwift */,
				ECB354E72A4BA49E00128D67 /* FirebaseAuth */,
				ECF63BF82A55223E005B77BF /* FirebaseFirestore */,
				ECF63BFA2A55224C005B77BF /* FirebaseFirestoreSwift */,
			);
			productName = SaveLink_1;
			productReference = EC87F1452A48B1640010A6E0 /* SaveLink_1.app */;
			productType = "com.apple.product-type.application";
		};
/* End PBXNativeTarget section */

/* Begin PBXProject section */
		EC87F13D2A48B1640010A6E0 /* Project object */ = {
			isa = PBXProject;
			attributes = {
				BuildIndependentTargetsInParallel = 1;
				LastSwiftUpdateCheck = 1430;
				LastUpgradeCheck = 1430;
				TargetAttributes = {
					EC87F1442A48B1640010A6E0 = {
						CreatedOnToolsVersion = 14.3.1;
					};
				};
			};
			buildConfigurationList = EC87F1402A48B1640010A6E0 /* Build configuration list for PBXProject "SaveLink_1" */;
			compatibilityVersion = "Xcode 14.0";
			developmentRegion = en;
			hasScannedForEncodings = 0;
			knownRegions = (
				en,
				Base,
			);
			mainGroup = EC87F13C2A48B1640010A6E0;
			packageReferences = (
				EC87F1562A48B1BC0010A6E0 /* XCRemoteSwiftPackageReference "firebase-ios-sdk" */,
			);
			productRefGroup = EC87F1462A48B1640010A6E0 /* Products */;
			projectDirPath = "";
			projectRoot = "";
			targets = (
				EC87F1442A48B1640010A6E0 /* SaveLink_1 */,
			);
		};
/* End PBXProject section */

/* Begin PBXResourcesBuildPhase section */
		EC87F1432A48B1640010A6E0 /* Resources */ = {
			isa = PBXResourcesBuildPhase;
			buildActionMask = 2147483647;
			files = (
				EC87F1502A48B1650010A6E0 /* Preview Assets.xcassets in Resources */,
				EC87F14D2A48B1650010A6E0 /* Assets.xcassets in Resources */,
				EC87F15C2A48B1EA0010A6E0 /* GoogleService-Info.plist in Resources */,
			);
			runOnlyForDeploymentPostprocessing = 0;
		};
/* End PBXResourcesBuildPhase section */

/* Begin PBXSourcesBuildPhase section */
		EC87F1412A48B1640010A6E0 /* Sources */ = {
			isa = PBXSourcesBuildPhase;
			buildActionMask = 2147483647;
			files = (
				ECB354F12A4BE1C800128D67 /* HomeView.swift in Sources */,
				ECF63BFE2A55228D005B77BF /* linkViewModel.swift in Sources */,
				EC87F14B2A48B1640010A6E0 /* ContentView.swift in Sources */,
				ECB354EB2A4BD53C00128D67 /* AuthenticationFirebaseDataSource.swift in Sources */,
				ECF63C062A565688005B77BF /* MetadataDatasource.swift in Sources */,
				ECB354E52A4BA2AD00128D67 /* DismissView.swift in Sources */,
				ECF63C002A5522A7005B77BF /* linkRepository.swift in Sources */,
				ECB354E12A4B9FEB00128D67 /* LoginEmailView.swift in Sources */,
				ECB354EF2A4BD9A700128D67 /* AuthenticationViewModel.swift in Sources */,
				ECB354E32A4BA23200128D67 /* RegisterEmailView.swift in Sources */,
				ECF63BF72A551EC7005B77BF /* LIenso.swift in Sources */,
				ECF63C022A5522BF005B77BF /* linkDatasource.swift in Sources */,
				EC87F1492A48B1640010A6E0 /* SaveLink_1App.swift in Sources */,
				ECF63C042A55F9AF005B77BF /* LinkView.swift in Sources */,
				ECB354ED2A4BD8C100128D67 /* AuthenticationRepository.swift in Sources */,
			);
			runOnlyForDeploymentPostprocessing = 0;
		};
/* End PBXSourcesBuildPhase section */

/* Begin XCBuildConfiguration section */
		EC87F1512A48B1650010A6E0 /* Debug */ = {
			isa = XCBuildConfiguration;
			buildSettings = {
				ALWAYS_SEARCH_USER_PATHS = NO;
				CLANG_ANALYZER_NONNULL = YES;
				CLANG_ANALYZER_NUMBER_OBJECT_CONVERSION = YES_AGGRESSIVE;
				CLANG_CXX_LANGUAGE_STANDARD = "gnu++20";
				CLANG_ENABLE_MODULES = YES;
				CLANG_ENABLE_OBJC_ARC = YES;
				CLANG_ENABLE_OBJC_WEAK = YES;
				CLANG_WARN_BLOCK_CAPTURE_AUTORELEASING = YES;
				CLANG_WARN_BOOL_CONVERSION = YES;
				CLANG_WARN_COMMA = YES;
				CLANG_WARN_CONSTANT_CONVERSION = YES;
				CLANG_WARN_DEPRECATED_OBJC_IMPLEMENTATIONS = YES;
				CLANG_WARN_DIRECT_OBJC_ISA_USAGE = YES_ERROR;
				CLANG_WARN_DOCUMENTATION_COMMENTS = YES;
				CLANG_WARN_EMPTY_BODY = YES;
				CLANG_WARN_ENUM_CONVERSION = YES;
				CLANG_WARN_INFINITE_RECURSION = YES;
				CLANG_WARN_INT_CONVERSION = YES;
				CLANG_WARN_NON_LITERAL_NULL_CONVERSION = YES;
				CLANG_WARN_OBJC_IMPLICIT_RETAIN_SELF = YES;
				CLANG_WARN_OBJC_LITERAL_CONVERSION = YES;
				CLANG_WARN_OBJC_ROOT_CLASS = YES_ERROR;
				CLANG_WARN_QUOTED_INCLUDE_IN_FRAMEWORK_HEADER = YES;
				CLANG_WARN_RANGE_LOOP_ANALYSIS = YES;
				CLANG_WARN_STRICT_PROTOTYPES = YES;
				CLANG_WARN_SUSPICIOUS_MOVE = YES;
				CLANG_WARN_UNGUARDED_AVAILABILITY = YES_AGGRESSIVE;
				CLANG_WARN_UNREACHABLE_CODE = YES;
				CLANG_WARN__DUPLICATE_METHOD_MATCH = YES;
				COPY_PHASE_STRIP = NO;
				DEBUG_INFORMATION_FORMAT = dwarf;
				ENABLE_STRICT_OBJC_MSGSEND = YES;
				ENABLE_TESTABILITY = YES;
				GCC_C_LANGUAGE_STANDARD = gnu11;
				GCC_DYNAMIC_NO_PIC = NO;
				GCC_NO_COMMON_BLOCKS = YES;
				GCC_OPTIMIZATION_LEVEL = 0;
				GCC_PREPROCESSOR_DEFINITIONS = (
					"DEBUG=1",
					"$(inherited)",
				);
				GCC_WARN_64_TO_32_BIT_CONVERSION = YES;
				GCC_WARN_ABOUT_RETURN_TYPE = YES_ERROR;
				GCC_WARN_UNDECLARED_SELECTOR = YES;
				GCC_WARN_UNINITIALIZED_AUTOS = YES_AGGRESSIVE;
				GCC_WARN_UNUSED_FUNCTION = YES;
				GCC_WARN_UNUSED_VARIABLE = YES;
				IPHONEOS_DEPLOYMENT_TARGET = 16.4;
				MTL_ENABLE_DEBUG_INFO = INCLUDE_SOURCE;
				MTL_FAST_MATH = YES;
				ONLY_ACTIVE_ARCH = YES;
				SDKROOT = iphoneos;
				SWIFT_ACTIVE_COMPILATION_CONDITIONS = DEBUG;
				SWIFT_OPTIMIZATION_LEVEL = "-Onone";
			};
			name = Debug;
		};
		EC87F1522A48B1650010A6E0 /* Release */ = {
			isa = XCBuildConfiguration;
			buildSettings = {
				ALWAYS_SEARCH_USER_PATHS = NO;
				CLANG_ANALYZER_NONNULL = YES;
				CLANG_ANALYZER_NUMBER_OBJECT_CONVERSION = YES_AGGRESSIVE;
				CLANG_CXX_LANGUAGE_STANDARD = "gnu++20";
				CLANG_ENABLE_MODULES = YES;
				CLANG_ENABLE_OBJC_ARC = YES;
				CLANG_ENABLE_OBJC_WEAK = YES;
				CLANG_WARN_BLOCK_CAPTURE_AUTORELEASING = YES;
				CLANG_WARN_BOOL_CONVERSION = YES;
				CLANG_WARN_COMMA = YES;
				CLANG_WARN_CONSTANT_CONVERSION = YES;
				CLANG_WARN_DEPRECATED_OBJC_IMPLEMENTATIONS = YES;
				CLANG_WARN_DIRECT_OBJC_ISA_USAGE = YES_ERROR;
				CLANG_WARN_DOCUMENTATION_COMMENTS = YES;
				CLANG_WARN_EMPTY_BODY = YES;
				CLANG_WARN_ENUM_CONVERSION = YES;
				CLANG_WARN_INFINITE_RECURSION = YES;
				CLANG_WARN_INT_CONVERSION = YES;
				CLANG_WARN_NON_LITERAL_NULL_CONVERSION = YES;
				CLANG_WARN_OBJC_IMPLICIT_RETAIN_SELF = YES;
				CLANG_WARN_OBJC_LITERAL_CONVERSION = YES;
				CLANG_WARN_OBJC_ROOT_CLASS = YES_ERROR;
				CLANG_WARN_QUOTED_INCLUDE_IN_FRAMEWORK_HEADER = YES;
				CLANG_WARN_RANGE_LOOP_ANALYSIS = YES;
				CLANG_WARN_STRICT_PROTOTYPES = YES;
				CLANG_WARN_SUSPICIOUS_MOVE = YES;
				CLANG_WARN_UNGUARDED_AVAILABILITY = YES_AGGRESSIVE;
				CLANG_WARN_UNREACHABLE_CODE = YES;
				CLANG_WARN__DUPLICATE_METHOD_MATCH = YES;
				COPY_PHASE_STRIP = NO;
				DEBUG_INFORMATION_FORMAT = "dwarf-with-dsym";
				ENABLE_NS_ASSERTIONS = NO;
				ENABLE_STRICT_OBJC_MSGSEND = YES;
				GCC_C_LANGUAGE_STANDARD = gnu11;
				GCC_NO_COMMON_BLOCKS = YES;
				GCC_WARN_64_TO_32_BIT_CONVERSION = YES;
				GCC_WARN_ABOUT_RETURN_TYPE = YES_ERROR;
				GCC_WARN_UNDECLARED_SELECTOR = YES;
				GCC_WARN_UNINITIALIZED_AUTOS = YES_AGGRESSIVE;
				GCC_WARN_UNUSED_FUNCTION = YES;
				GCC_WARN_UNUSED_VARIABLE = YES;
				IPHONEOS_DEPLOYMENT_TARGET = 16.4;
				MTL_ENABLE_DEBUG_INFO = NO;
				MTL_FAST_MATH = YES;
				SDKROOT = iphoneos;
				SWIFT_COMPILATION_MODE = wholemodule;
				SWIFT_OPTIMIZATION_LEVEL = "-O";
				VALIDATE_PRODUCT = YES;
			};
			name = Release;
		};
		EC87F1542A48B1650010A6E0 /* Debug */ = {
			isa = XCBuildConfiguration;
			buildSettings = {
				ASSETCATALOG_COMPILER_APPICON_NAME = AppIcon;
				ASSETCATALOG_COMPILER_GLOBAL_ACCENT_COLOR_NAME = AccentColor;
				CODE_SIGN_STYLE = Automatic;
				CURRENT_PROJECT_VERSION = 1;
				DEVELOPMENT_ASSET_PATHS = "\"SaveLink_1/Preview Content\"";
				DEVELOPMENT_TEAM = V323JCJ58W;
				ENABLE_PREVIEWS = YES;
				GENERATE_INFOPLIST_FILE = YES;
				INFOPLIST_KEY_UIApplicationSceneManifest_Generation = YES;
				INFOPLIST_KEY_UIApplicationSupportsIndirectInputEvents = YES;
				INFOPLIST_KEY_UILaunchScreen_Generation = YES;
				INFOPLIST_KEY_UISupportedInterfaceOrientations_iPad = "UIInterfaceOrientationPortrait UIInterfaceOrientationPortraitUpsideDown UIInterfaceOrientationLandscapeLeft UIInterfaceOrientationLandscapeRight";
				INFOPLIST_KEY_UISupportedInterfaceOrientations_iPhone = "UIInterfaceOrientationPortrait UIInterfaceOrientationLandscapeLeft UIInterfaceOrientationLandscapeRight";
				LD_RUNPATH_SEARCH_PATHS = (
					"$(inherited)",
					"@executable_path/Frameworks",
				);
				MARKETING_VERSION = 1.0;
				PRODUCT_BUNDLE_IDENTIFIER = "com.nexus.SaveLink-1";
				PRODUCT_NAME = "$(TARGET_NAME)";
				SWIFT_EMIT_LOC_STRINGS = YES;
				SWIFT_VERSION = 5.0;
				TARGETED_DEVICE_FAMILY = "1,2";
			};
			name = Debug;
		};
		EC87F1552A48B1650010A6E0 /* Release */ = {
			isa = XCBuildConfiguration;
			buildSettings = {
				ASSETCATALOG_COMPILER_APPICON_NAME = AppIcon;
				ASSETCATALOG_COMPILER_GLOBAL_ACCENT_COLOR_NAME = AccentColor;
				CODE_SIGN_STYLE = Automatic;
				CURRENT_PROJECT_VERSION = 1;
				DEVELOPMENT_ASSET_PATHS = "\"SaveLink_1/Preview Content\"";
				DEVELOPMENT_TEAM = V323JCJ58W;
				ENABLE_PREVIEWS = YES;
				GENERATE_INFOPLIST_FILE = YES;
				INFOPLIST_KEY_UIApplicationSceneManifest_Generation = YES;
				INFOPLIST_KEY_UIApplicationSupportsIndirectInputEvents = YES;
				INFOPLIST_KEY_UILaunchScreen_Generation = YES;
				INFOPLIST_KEY_UISupportedInterfaceOrientations_iPad = "UIInterfaceOrientationPortrait UIInterfaceOrientationPortraitUpsideDown UIInterfaceOrientationLandscapeLeft UIInterfaceOrientationLandscapeRight";
				INFOPLIST_KEY_UISupportedInterfaceOrientations_iPhone = "UIInterfaceOrientationPortrait UIInterfaceOrientationLandscapeLeft UIInterfaceOrientationLandscapeRight";
				LD_RUNPATH_SEARCH_PATHS = (
					"$(inherited)",
					"@executable_path/Frameworks",
				);
				MARKETING_VERSION = 1.0;
				PRODUCT_BUNDLE_IDENTIFIER = "com.nexus.SaveLink-1";
				PRODUCT_NAME = "$(TARGET_NAME)";
				SWIFT_EMIT_LOC_STRINGS = YES;
				SWIFT_VERSION = 5.0;
				TARGETED_DEVICE_FAMILY = "1,2";
			};
			name = Release;
		};
/* End XCBuildConfiguration section */

/* Begin XCConfigurationList section */
		EC87F1402A48B1640010A6E0 /* Build configuration list for PBXProject "SaveLink_1" */ = {
			isa = XCConfigurationList;
			buildConfigurations = (
				EC87F1512A48B1650010A6E0 /* Debug */,
				EC87F1522A48B1650010A6E0 /* Release */,
			);
			defaultConfigurationIsVisible = 0;
			defaultConfigurationName = Release;
		};
		EC87F1532A48B1650010A6E0 /* Build configuration list for PBXNativeTarget "SaveLink_1" */ = {
			isa = XCConfigurationList;
			buildConfigurations = (
				EC87F1542A48B1650010A6E0 /* Debug */,
				EC87F1552A48B1650010A6E0 /* Release */,
			);
			defaultConfigurationIsVisible = 0;
			defaultConfigurationName = Release;
		};
/* End XCConfigurationList section */

/* Begin XCRemoteSwiftPackageReference section */
		EC87F1562A48B1BC0010A6E0 /* XCRemoteSwiftPackageReference "firebase-ios-sdk" */ = {
			isa = XCRemoteSwiftPackageReference;
			repositoryURL = "https://github.com/firebase/firebase-ios-sdk.git";
			requirement = {
				kind = upToNextMajorVersion;
				minimumVersion = 10.0.0;
			};
		};
/* End XCRemoteSwiftPackageReference section */

/* Begin XCSwiftPackageProductDependency section */
		EC87F1572A48B1BC0010A6E0 /* FirebaseAnalytics */ = {
			isa = XCSwiftPackageProductDependency;
			package = EC87F1562A48B1BC0010A6E0 /* XCRemoteSwiftPackageReference "firebase-ios-sdk" */;
			productName = FirebaseAnalytics;
		};
		EC87F1592A48B1BC0010A6E0 /* FirebaseAnalyticsSwift */ = {
			isa = XCSwiftPackageProductDependency;
			package = EC87F1562A48B1BC0010A6E0 /* XCRemoteSwiftPackageReference "firebase-ios-sdk" */;
			productName = FirebaseAnalyticsSwift;
		};
		ECB354E72A4BA49E00128D67 /* FirebaseAuth */ = {
			isa = XCSwiftPackageProductDependency;
			package = EC87F1562A48B1BC0010A6E0 /* XCRemoteSwiftPackageReference "firebase-ios-sdk" */;
			productName = FirebaseAuth;
		};
		ECF63BF82A55223E005B77BF /* FirebaseFirestore */ = {
			isa = XCSwiftPackageProductDependency;
			package = EC87F1562A48B1BC0010A6E0 /* XCRemoteSwiftPackageReference "firebase-ios-sdk" */;
			productName = FirebaseFirestore;
		};
		ECF63BFA2A55224C005B77BF /* FirebaseFirestoreSwift */ = {
			isa = XCSwiftPackageProductDependency;
			package = EC87F1562A48B1BC0010A6E0 /* XCRemoteSwiftPackageReference "firebase-ios-sdk" */;
			productName = FirebaseFirestoreSwift;
		};
/* End XCSwiftPackageProductDependency section */
	};
	rootObject = EC87F13D2A48B1640010A6E0 /* Project object */;
}
